
Microsoft Visual Studio Solution File, Format Version 12.00
# Visual Studio Version 16
VisualStudioVersion = 16.0.31105.61
MinimumVisualStudioVersion = 10.0.40219.1
Project("{9A19103F-16F7-4668-BE54-9A1E7A4F7556}") = "Events.Base", "Events.Base\Events.Base.csproj", "{9E0A4B48-A923-455A-9CF3-53A5AE9EAC50}"
EndProject
Project("{9A19103F-16F7-4668-BE54-9A1E7A4F7556}") = "Events.Handling", "Events.Handling\Events.Handling.csproj", "{9975EFC6-A99E-44A6-9BD9-88B854BD011B}"
EndProject
Project("{9A19103F-16F7-4668-BE54-9A1E7A4F7556}") = "Events.Contracts", "Events.Contracts\Events.Contracts.csproj", "{D3BA7957-FE7D-453D-A3EC-6A0E392ECC42}"
EndProject
Project("{2150E333-8FDC-42A3-9474-1A3956D46DE8}") = "Future Nuget Libraries", "Future Nuget Libraries", "{1D0224B0-5A61-41EA-8841-10BC2663360C}"
EndProject
Project("{2150E333-8FDC-42A3-9474-1A3956D46DE8}") = "Team X", "Team X", "{6D2074E9-FCCA-4269-B2BE-762B999F3416}"
EndProject
Project("{2150E333-8FDC-42A3-9474-1A3956D46DE8}") = "Team Y", "Team Y", "{9DFFCEB2-57D5-44F4-B9F8-33001A3A5778}"
EndProject
Project("{2150E333-8FDC-42A3-9474-1A3956D46DE8}") = "Common Logic (extracted in order to avoid duplication)", "Common Logic (extracted in order to avoid duplication)", "{B421C0A4-9564-4FF1-B99B-B4D29E7B406F}"
EndProject
Project("{9A19103F-16F7-4668-BE54-9A1E7A4F7556}") = "Repository", "Repository\Repository.csproj", "{9A6D2DE7-B3E8-4D49-9C2E-C654C4F439A5}"
EndProject
Project("{9A19103F-16F7-4668-BE54-9A1E7A4F7556}") = "Client", "Client\Client.csproj", "{C1116873-9D88-4E4D-81DA-F14FEA115C45}"
EndProject
Project("{9A19103F-16F7-4668-BE54-9A1E7A4F7556}") = "ProductY", "ProductY\ProductY.csproj", "{A1F67501-EC8A-4A63-A928-781B8B45FEBD}"
EndProject
Project("{9A19103F-16F7-4668-BE54-9A1E7A4F7556}") = "ProductX", "ProductX\ProductX.csproj", "{7DFB3070-5706-49D2-A984-94FAD6FC43A5}"
EndProject
Project("{9A19103F-16F7-4668-BE54-9A1E7A4F7556}") = "Controller", "Controller\Controller.csproj", "{F440291F-D064-40AB-B963-2E8E77986F5E}"
EndProject
Project("{2150E333-8FDC-42A3-9474-1A3956D46DE8}") = "Team Z", "Team Z", "{0D318676-87FD-4EEE-AD3D-2FC4BE1794CF}"
EndProject
Project("{9A19103F-16F7-4668-BE54-9A1E7A4F7556}") = "ProductZ", "ProductZ\ProductZ.csproj", "{B320D3FA-B41E-4E87-B75A-CCCE3F43A00A}"
EndProject
Project("{2150E333-8FDC-42A3-9474-1A3956D46DE8}") = "ChangeTrigger", "ChangeTrigger", "{FD630CCC-B907-4565-BE1F-EEC4B2EEC83B}"
EndProject
Project("{9A19103F-16F7-4668-BE54-9A1E7A4F7556}") = "ParallelChangeTrigger", "ParallelChangeTrigger\ParallelChangeTrigger.csproj", "{B9A78110-1277-4739-9FAA-415F292FA583}"
EndProject
Project("{9A19103F-16F7-4668-BE54-9A1E7A4F7556}") = "Events.Sending.AzureServiceBus", "Events.Sending.AzureServiceBus\Events.Sending.AzureServiceBus.csproj", "{F40F3FDC-5AE0-47BE-811D-EC66190FA925}"
EndProject
Project("{9A19103F-16F7-4668-BE54-9A1E7A4F7556}") = "Events.Infrastructure.AzureServiceBus", "Events.Infrastructure.AzureServiceBus\Events.Infrastructure.AzureServiceBus.csproj", "{6DD79677-0387-4EBD-9449-4207AA68A8F7}"
EndProject
Project("{9A19103F-16F7-4668-BE54-9A1E7A4F7556}") = "Events.Sending", "Events.Sending\Events.Sending.csproj", "{9DC46C79-7F88-487D-8D49-15ED3C52FB23}"
EndProject
Project("{2150E333-8FDC-42A3-9474-1A3956D46DE8}") = "Azure Service Bus", "Azure Service Bus", "{BFB98C7D-5B44-4D94-AA97-BEFA004E2F6E}"
EndProject
Project("{9A19103F-16F7-4668-BE54-9A1E7A4F7556}") = "Model", "Model\Model.csproj", "{C734F8EC-6B9A-4AA2-8A10-94EA505E755B}"
EndProject
Project("{9A19103F-16F7-4668-BE54-9A1E7A4F7556}") = "Handlers", "Handlers\Handlers.csproj", "{D2B58442-9008-4BB9-9993-C81C0418F967}"
EndProject
Project("{9A19103F-16F7-4668-BE54-9A1E7A4F7556}") = "Events.Handling.AzureServiceBus", "Events.Handling.AzureServiceBus\Events.Handling.AzureServiceBus.csproj", "{11BE6DDC-D00B-47D7-A3C7-31F97290F2A9}"
EndProject
Global
	GlobalSection(SolutionConfigurationPlatforms) = preSolution
		Debug|Any CPU = Debug|Any CPU
		Release|Any CPU = Release|Any CPU
	EndGlobalSection
	GlobalSection(ProjectConfigurationPlatforms) = postSolution
		{9E0A4B48-A923-455A-9CF3-53A5AE9EAC50}.Debug|Any CPU.ActiveCfg = Debug|Any CPU
		{9E0A4B48-A923-455A-9CF3-53A5AE9EAC50}.Debug|Any CPU.Build.0 = Debug|Any CPU
		{9E0A4B48-A923-455A-9CF3-53A5AE9EAC50}.Release|Any CPU.ActiveCfg = Release|Any CPU
		{9E0A4B48-A923-455A-9CF3-53A5AE9EAC50}.Release|Any CPU.Build.0 = Release|Any CPU
		{9975EFC6-A99E-44A6-9BD9-88B854BD011B}.Debug|Any CPU.ActiveCfg = Debug|Any CPU
		{9975EFC6-A99E-44A6-9BD9-88B854BD011B}.Debug|Any CPU.Build.0 = Debug|Any CPU
		{9975EFC6-A99E-44A6-9BD9-88B854BD011B}.Release|Any CPU.ActiveCfg = Release|Any CPU
		{9975EFC6-A99E-44A6-9BD9-88B854BD011B}.Release|Any CPU.Build.0 = Release|Any CPU
		{D3BA7957-FE7D-453D-A3EC-6A0E392ECC42}.Debug|Any CPU.ActiveCfg = Debug|Any CPU
		{D3BA7957-FE7D-453D-A3EC-6A0E392ECC42}.Debug|Any CPU.Build.0 = Debug|Any CPU
		{D3BA7957-FE7D-453D-A3EC-6A0E392ECC42}.Release|Any CPU.ActiveCfg = Release|Any CPU
		{D3BA7957-FE7D-453D-A3EC-6A0E392ECC42}.Release|Any CPU.Build.0 = Release|Any CPU
		{9A6D2DE7-B3E8-4D49-9C2E-C654C4F439A5}.Debug|Any CPU.ActiveCfg = Debug|Any CPU
		{9A6D2DE7-B3E8-4D49-9C2E-C654C4F439A5}.Debug|Any CPU.Build.0 = Debug|Any CPU
		{9A6D2DE7-B3E8-4D49-9C2E-C654C4F439A5}.Release|Any CPU.ActiveCfg = Release|Any CPU
		{9A6D2DE7-B3E8-4D49-9C2E-C654C4F439A5}.Release|Any CPU.Build.0 = Release|Any CPU
		{C1116873-9D88-4E4D-81DA-F14FEA115C45}.Debug|Any CPU.ActiveCfg = Debug|Any CPU
		{C1116873-9D88-4E4D-81DA-F14FEA115C45}.Debug|Any CPU.Build.0 = Debug|Any CPU
		{C1116873-9D88-4E4D-81DA-F14FEA115C45}.Release|Any CPU.ActiveCfg = Release|Any CPU
		{C1116873-9D88-4E4D-81DA-F14FEA115C45}.Release|Any CPU.Build.0 = Release|Any CPU
		{A1F67501-EC8A-4A63-A928-781B8B45FEBD}.Debug|Any CPU.ActiveCfg = Debug|Any CPU
		{A1F67501-EC8A-4A63-A928-781B8B45FEBD}.Debug|Any CPU.Build.0 = Debug|Any CPU
		{A1F67501-EC8A-4A63-A928-781B8B45FEBD}.Release|Any CPU.ActiveCfg = Release|Any CPU
		{A1F67501-EC8A-4A63-A928-781B8B45FEBD}.Release|Any CPU.Build.0 = Release|Any CPU
		{7DFB3070-5706-49D2-A984-94FAD6FC43A5}.Debug|Any CPU.ActiveCfg = Debug|Any CPU
		{7DFB3070-5706-49D2-A984-94FAD6FC43A5}.Debug|Any CPU.Build.0 = Debug|Any CPU
		{7DFB3070-5706-49D2-A984-94FAD6FC43A5}.Release|Any CPU.ActiveCfg = Release|Any CPU
		{7DFB3070-5706-49D2-A984-94FAD6FC43A5}.Release|Any CPU.Build.0 = Release|Any CPU
		{F440291F-D064-40AB-B963-2E8E77986F5E}.Debug|Any CPU.ActiveCfg = Debug|Any CPU
		{F440291F-D064-40AB-B963-2E8E77986F5E}.Debug|Any CPU.Build.0 = Debug|Any CPU
		{F440291F-D064-40AB-B963-2E8E77986F5E}.Release|Any CPU.ActiveCfg = Release|Any CPU
		{F440291F-D064-40AB-B963-2E8E77986F5E}.Release|Any CPU.Build.0 = Release|Any CPU
		{B320D3FA-B41E-4E87-B75A-CCCE3F43A00A}.Debug|Any CPU.ActiveCfg = Debug|Any CPU
		{B320D3FA-B41E-4E87-B75A-CCCE3F43A00A}.Debug|Any CPU.Build.0 = Debug|Any CPU
		{B320D3FA-B41E-4E87-B75A-CCCE3F43A00A}.Release|Any CPU.ActiveCfg = Release|Any CPU
		{B320D3FA-B41E-4E87-B75A-CCCE3F43A00A}.Release|Any CPU.Build.0 = Release|Any CPU
		{B9A78110-1277-4739-9FAA-415F292FA583}.Debug|Any CPU.ActiveCfg = Debug|Any CPU
		{B9A78110-1277-4739-9FAA-415F292FA583}.Debug|Any CPU.Build.0 = Debug|Any CPU
		{B9A78110-1277-4739-9FAA-415F292FA583}.Release|Any CPU.ActiveCfg = Release|Any CPU
		{B9A78110-1277-4739-9FAA-415F292FA583}.Release|Any CPU.Build.0 = Release|Any CPU
		{F40F3FDC-5AE0-47BE-811D-EC66190FA925}.Debug|Any CPU.ActiveCfg = Debug|Any CPU
		{F40F3FDC-5AE0-47BE-811D-EC66190FA925}.Debug|Any CPU.Build.0 = Debug|Any CPU
		{F40F3FDC-5AE0-47BE-811D-EC66190FA925}.Release|Any CPU.ActiveCfg = Release|Any CPU
		{F40F3FDC-5AE0-47BE-811D-EC66190FA925}.Release|Any CPU.Build.0 = Release|Any CPU
		{6DD79677-0387-4EBD-9449-4207AA68A8F7}.Debug|Any CPU.ActiveCfg = Debug|Any CPU
		{6DD79677-0387-4EBD-9449-4207AA68A8F7}.Debug|Any CPU.Build.0 = Debug|Any CPU
		{6DD79677-0387-4EBD-9449-4207AA68A8F7}.Release|Any CPU.ActiveCfg = Release|Any CPU
		{6DD79677-0387-4EBD-9449-4207AA68A8F7}.Release|Any CPU.Build.0 = Release|Any CPU
		{9DC46C79-7F88-487D-8D49-15ED3C52FB23}.Debug|Any CPU.ActiveCfg = Debug|Any CPU
		{9DC46C79-7F88-487D-8D49-15ED3C52FB23}.Debug|Any CPU.Build.0 = Debug|Any CPU
		{9DC46C79-7F88-487D-8D49-15ED3C52FB23}.Release|Any CPU.ActiveCfg = Release|Any CPU
		{9DC46C79-7F88-487D-8D49-15ED3C52FB23}.Release|Any CPU.Build.0 = Release|Any CPU
		{C734F8EC-6B9A-4AA2-8A10-94EA505E755B}.Debug|Any CPU.ActiveCfg = Debug|Any CPU
		{C734F8EC-6B9A-4AA2-8A10-94EA505E755B}.Debug|Any CPU.Build.0 = Debug|Any CPU
		{C734F8EC-6B9A-4AA2-8A10-94EA505E755B}.Release|Any CPU.ActiveCfg = Release|Any CPU
		{C734F8EC-6B9A-4AA2-8A10-94EA505E755B}.Release|Any CPU.Build.0 = Release|Any CPU
		{D2B58442-9008-4BB9-9993-C81C0418F967}.Debug|Any CPU.ActiveCfg = Debug|Any CPU
		{D2B58442-9008-4BB9-9993-C81C0418F967}.Debug|Any CPU.Build.0 = Debug|Any CPU
		{D2B58442-9008-4BB9-9993-C81C0418F967}.Release|Any CPU.ActiveCfg = Release|Any CPU
		{D2B58442-9008-4BB9-9993-C81C0418F967}.Release|Any CPU.Build.0 = Release|Any CPU
		{11BE6DDC-D00B-47D7-A3C7-31F97290F2A9}.Debug|Any CPU.ActiveCfg = Debug|Any CPU
		{11BE6DDC-D00B-47D7-A3C7-31F97290F2A9}.Debug|Any CPU.Build.0 = Debug|Any CPU
		{11BE6DDC-D00B-47D7-A3C7-31F97290F2A9}.Release|Any CPU.ActiveCfg = Release|Any CPU
		{11BE6DDC-D00B-47D7-A3C7-31F97290F2A9}.Release|Any CPU.Build.0 = Release|Any CPU
	EndGlobalSection
	GlobalSection(SolutionProperties) = preSolution
		HideSolutionNode = FALSE
	EndGlobalSection
	GlobalSection(NestedProjects) = preSolution
		{9E0A4B48-A923-455A-9CF3-53A5AE9EAC50} = {1D0224B0-5A61-41EA-8841-10BC2663360C}
		{9975EFC6-A99E-44A6-9BD9-88B854BD011B} = {1D0224B0-5A61-41EA-8841-10BC2663360C}
		{D3BA7957-FE7D-453D-A3EC-6A0E392ECC42} = {1D0224B0-5A61-41EA-8841-10BC2663360C}
		{9A6D2DE7-B3E8-4D49-9C2E-C654C4F439A5} = {B421C0A4-9564-4FF1-B99B-B4D29E7B406F}
		{C1116873-9D88-4E4D-81DA-F14FEA115C45} = {B421C0A4-9564-4FF1-B99B-B4D29E7B406F}
		{A1F67501-EC8A-4A63-A928-781B8B45FEBD} = {9DFFCEB2-57D5-44F4-B9F8-33001A3A5778}
		{7DFB3070-5706-49D2-A984-94FAD6FC43A5} = {6D2074E9-FCCA-4269-B2BE-762B999F3416}
		{F440291F-D064-40AB-B963-2E8E77986F5E} = {B421C0A4-9564-4FF1-B99B-B4D29E7B406F}
		{B320D3FA-B41E-4E87-B75A-CCCE3F43A00A} = {0D318676-87FD-4EEE-AD3D-2FC4BE1794CF}
		{B9A78110-1277-4739-9FAA-415F292FA583} = {FD630CCC-B907-4565-BE1F-EEC4B2EEC83B}
		{F40F3FDC-5AE0-47BE-811D-EC66190FA925} = {BFB98C7D-5B44-4D94-AA97-BEFA004E2F6E}
		{6DD79677-0387-4EBD-9449-4207AA68A8F7} = {BFB98C7D-5B44-4D94-AA97-BEFA004E2F6E}
		{9DC46C79-7F88-487D-8D49-15ED3C52FB23} = {1D0224B0-5A61-41EA-8841-10BC2663360C}
		{BFB98C7D-5B44-4D94-AA97-BEFA004E2F6E} = {1D0224B0-5A61-41EA-8841-10BC2663360C}
		{C734F8EC-6B9A-4AA2-8A10-94EA505E755B} = {B421C0A4-9564-4FF1-B99B-B4D29E7B406F}
		{D2B58442-9008-4BB9-9993-C81C0418F967} = {B421C0A4-9564-4FF1-B99B-B4D29E7B406F}
		{11BE6DDC-D00B-47D7-A3C7-31F97290F2A9} = {BFB98C7D-5B44-4D94-AA97-BEFA004E2F6E}
	EndGlobalSection
	GlobalSection(ExtensibilityGlobals) = postSolution
		SolutionGuid = {CA561F75-E8EE-4A72-A173-C8BCDF185F06}
	EndGlobalSection
EndGlobal
